
Microsoft Visual Studio Solution File, Format Version 12.00
# Visual Studio Version 17
VisualStudioVersion = 17.5.002.0
MinimumVisualStudioVersion = 10.0.40219.1
Project("{9A19103F-16F7-4668-BE54-9A1E7A4F7556}") = "DesafioProjetoHospedagem", "DesafioProjetoHospedagem.csproj", "{7F49E087-5C53-4DF6-B7BC-B65CC1052DBA}"
EndProject
Global
	GlobalSection(SolutionConfigurationPlatforms) = preSolution
		Debug|Any CPU = Debug|Any CPU
		Release|Any CPU = Release|Any CPU
	EndGlobalSection
	GlobalSection(ProjectConfigurationPlatforms) = postSolution
		{7F49E087-5C53-4DF6-B7BC-B65CC1052DBA}.Debug|Any CPU.ActiveCfg = Debug|Any CPU
		{7F49E087-5C53-4DF6-B7BC-B65CC1052DBA}.Debug|Any CPU.Build.0 = Debug|Any CPU
		{7F49E087-5C53-4DF6-B7BC-B65CC1052DBA}.Release|Any CPU.ActiveCfg = Release|Any CPU
		{7F49E087-5C53-4DF6-B7BC-B65CC1052DBA}.Release|Any CPU.Build.0 = Release|Any CPU
	EndGlobalSection
	GlobalSection(SolutionProperties) = preSolution
		HideSolutionNode = FALSE
	EndGlobalSection
	GlobalSection(ExtensibilityGlobals) = postSolution
		SolutionGuid = {26C450AC-9721-4BBF-B04D-09F7DE5B5417}
	EndGlobalSection
EndGlobal
